
Microsoft Visual Studio Solution File, Format Version 12.00
# Visual Studio 15
Project("{FAE04EC0-301F-11D3-BF4B-00C04F79EFBC}") = "Assembly-CSharp-Editor", "Assembly-CSharp-Editor.csproj", "{5485CD10-A405-389D-9960-367F7801EE72}"
EndProject
Project("{FAE04EC0-301F-11D3-BF4B-00C04F79EFBC}") = "Assembly-CSharp", "Assembly-CSharp.csproj", "{6D308EF1-D51E-60EF-A441-00B5EB912594}"
EndProject
Global
	GlobalSection(SolutionConfigurationPlatforms) = preSolution
		Debug|Any CPU = Debug|Any CPU
		Release|Any CPU = Release|Any CPU
	EndGlobalSection
	GlobalSection(ProjectConfigurationPlatforms) = postSolution
		{5485CD10-A405-389D-9960-367F7801EE72}.Debug|Any CPU.ActiveCfg = Debug|Any CPU
		{5485CD10-A405-389D-9960-367F7801EE72}.Debug|Any CPU.Build.0 = Debug|Any CPU
		{5485CD10-A405-389D-9960-367F7801EE72}.Release|Any CPU.ActiveCfg = Release|Any CPU
		{5485CD10-A405-389D-9960-367F7801EE72}.Release|Any CPU.Build.0 = Release|Any CPU
		{6D308EF1-D51E-60EF-A441-00B5EB912594}.Debug|Any CPU.ActiveCfg = Debug|Any CPU
		{6D308EF1-D51E-60EF-A441-00B5EB912594}.Debug|Any CPU.Build.0 = Debug|Any CPU
		{6D308EF1-D51E-60EF-A441-00B5EB912594}.Release|Any CPU.ActiveCfg = Release|Any CPU
		{6D308EF1-D51E-60EF-A441-00B5EB912594}.Release|Any CPU.Build.0 = Release|Any CPU
	EndGlobalSection
	GlobalSection(SolutionProperties) = preSolution
		HideSolutionNode = FALSE
	EndGlobalSection
EndGlobal
